{
  "name": "dsh-theme-gallery",
  "version": "0.3.21",
  "lockfileVersion": 3,
  "requires": true,
  "packages": {
    "": {
      "name": "dsh-theme-gallery",
      "version": "0.3.21",
      "license": "MIT",
      "workspaces": [
        "themes/*"
      ],
      "dependencies": {
        "js-yaml": "4.2.0",
        "semver": "7.8.5"
      },
      "engines": {
        "node": "^22.19.0 || >=24"
      },
      "peerDependencies": {
        "@deepseek-ai/dsh-app-boot": "0.2.0-rc.2 || 0.2.1-alpha.1"
      },
      "peerDependenciesMeta": {
        "@deepseek-ai/dsh-app-boot": {
          "optional": true
        }
      }
    },
    "node_modules/argparse": {
      "version": "2.0.1",
      "resolved": "https://registry.npmjs.org/argparse/-/argparse-2.0.1.tgz",
      "integrity": "sha512-8+9WqebbFzpX9OR+Wa6O29asIogeRMzcGtAINdpMHHyAg10f05aSFVBbcEqGf/PXw1EjAZ+q2/bEBg3DvurK3Q==",
      "license": "Python-2.0"
    },
    "node_modules/dsh-flame-emperor-theme": {
      "resolved": "themes/flame-emperor",
      "link": true
    },
    "node_modules/dsh-great-sage-theme": {
      "resolved": "themes/great-sage",
      "link": true
    },
    "node_modules/dsh-jianlai-aliang-theme": {
      "resolved": "themes/jianlai-aliang",
      "link": true
    },
    "node_modules/dsh-nezha-theme": {
      "resolved": "themes/nezha",
      "link": true
    },
    "node_modules/dsh-perfect-world-theme": {
      "resolved": "themes/perfect-world",
      "link": true
    },
    "node_modules/dsh-shanhe-theme": {
      "resolved": "themes/shanhe",
      "link": true
    },
    "node_modules/dsh-sunny-watch-theme": {
      "resolved": "themes/sunny-watch",
      "link": true
    },
    "node_modules/dsh-ultraman-theme": {
      "resolved": "themes/ultraman",
      "link": true
    },
    "node_modules/dsh-whale-prince-theme": {
      "resolved": "themes/whale-prince",
      "link": true
    },
    "node_modules/dsh-young-goku-theme": {
      "resolved": "themes/young-goku",
      "link": true
    },
    "node_modules/js-yaml": {
      "version": "4.2.0",
      "resolved": "https://registry.npmjs.org/js-yaml/-/js-yaml-4.2.0.tgz",
      "integrity": "sha512-ePWsvanv0DWuDRsW8dnt+R4jQ31SCRCQ7hhNcPXZPsoBZiemuZNYGf7adZdqX2D86j6rvKp3RpCxVTSb8WQlOw==",
      "funding": [
        {
          "type": "github",
          "url": "https://github.com/sponsors/puzrin"
        },
        {
          "type": "github",
          "url": "https://github.com/sponsors/nodeca"
        }
      ],
      "license": "MIT",
      "dependencies": {
        "argparse": "^2.0.1"
      },
      "bin": {
        "js-yaml": "bin/js-yaml.js"
      }
    },
    "node_modules/semver": {
      "version": "7.8.5",
      "resolved": "https://registry.npmjs.org/semver/-/semver-7.8.5.tgz",
      "integrity": "sha512-Y7/KDsb8LjooZpwaqGyulO6DQlksgCncchHGk+sZIY4SBvUocMBEFH5Ur1fI4dV+Jvl0w6cjvucaIi40puRioA==",
      "license": "ISC",
      "bin": {
        "semver": "bin/semver.js"
      },
      "engines": {
        "node": ">=10"
      }
    },
    "themes/flame-emperor": {
      "name": "dsh-flame-emperor-theme",
      "version": "0.1.0",
      "license": "MIT"
    },
    "themes/great-sage": {
      "name": "dsh-great-sage-theme",
      "version": "0.1.0",
      "license": "MIT"
    },
    "themes/jianlai-aliang": {
      "name": "dsh-jianlai-aliang-theme",
      "version": "0.1.0",
      "license": "MIT"
    },
    "themes/nezha": {
      "name": "dsh-nezha-theme",
      "version": "0.1.0",
      "license": "MIT"
    },
    "themes/perfect-world": {
      "name": "dsh-perfect-world-theme",
      "version": "0.1.0",
      "license": "MIT"
    },
    "themes/shanhe": {
      "name": "dsh-shanhe-theme",
      "version": "0.1.1",
      "license": "MIT"
    },
    "themes/sunny-watch": {
      "name": "dsh-sunny-watch-theme",
      "version": "0.1.0",
      "license": "MIT"
    },
    "themes/ultraman": {
      "name": "dsh-ultraman-theme",
      "version": "0.1.0",
      "license": "MIT"
    },
    "themes/whale-prince": {
      "name": "dsh-whale-prince-theme",
      "version": "0.1.0",
      "license": "MIT"
    },
    "themes/young-goku": {
      "name": "dsh-young-goku-theme",
      "version": "0.1.0",
      "license": "MIT"
    }
  }
}
